
Microsoft Visual Studio Solution File, Format Version 12.00
# Visual Studio 15
VisualStudioVersion = 15.0.27130.2024
MinimumVisualStudioVersion = 10.0.40219.1
Project("{9092AA53-FB77-4645-B42D-1CCCA6BD08BD}") = "NodelLabVezba2", "NodelLabVezba2\NodelLabVezba2.njsproj", "{CF100214-7ABF-477B-B84B-FF50848DB786}"
EndProject
Global
	GlobalSection(SolutionConfigurationPlatforms) = preSolution
		Debug|Any CPU = Debug|Any CPU
		Release|Any CPU = Release|Any CPU
	EndGlobalSection
	GlobalSection(ProjectConfigurationPlatforms) = postSolution
		{CF100214-7ABF-477B-B84B-FF50848DB786}.Debug|Any CPU.ActiveCfg = Debug|Any CPU
		{CF100214-7ABF-477B-B84B-FF50848DB786}.Debug|Any CPU.Build.0 = Debug|Any CPU
		{CF100214-7ABF-477B-B84B-FF50848DB786}.Release|Any CPU.ActiveCfg = Release|Any CPU
		{CF100214-7ABF-477B-B84B-FF50848DB786}.Release|Any CPU.Build.0 = Release|Any CPU
	EndGlobalSection
	GlobalSection(SolutionProperties) = preSolution
		HideSolutionNode = FALSE
	EndGlobalSection
	GlobalSection(ExtensibilityGlobals) = postSolution
		SolutionGuid = {110CDFDD-9B8B-44B7-A3BF-FB16AABBD9EE}
	EndGlobalSection
EndGlobal
